{
  "name": "jpf",
  "version": "3.0.19",
  "lockfileVersion": 1,
  "requires": true,
  "dependencies": {
    "@types/knockout": {
      "version": "3.4.67",
      "resolved": "https://registry.npmjs.org/@types/knockout/-/knockout-3.4.67.tgz",
      "integrity": "sha512-VYg5VcZecApmAILpSsTtD0UUAHUIGWi7/um9WQjbk/ajPWinGZAKkH9U8zbFmvdxfafFGvcRm655XRm6vc6hoQ==",
      "dev": true
    },
    "@types/ua-parser-js": {
      "version": "0.7.33",
      "resolved": "https://registry.npmjs.org/@types/ua-parser-js/-/ua-parser-js-0.7.33.tgz",
      "integrity": "sha512-ngUKcHnytUodUCL7C6EZ+lVXUjTMQb+9p/e1JjV5tN9TVzS98lHozWEFRPY1QcCdwFeMsmVWfZ3DPPT/udCyIw==",
      "dev": true
    },
    "tocca": {
      "version": "2.0.9",
      "resolved": "https://registry.npmjs.org/tocca/-/tocca-2.0.9.tgz",
      "integrity": "sha512-FXofUGAFcgEIEOS3m9Dk9URaY3x+JeerPfVFc8K820PjV0JcCsH98BFxrVOTANC8YvM4QTrmKMol2/818gFmCw=="
    },
    "typescript": {
      "version": "3.8.3",
      "resolved": "https://registry.npmjs.org/typescript/-/typescript-3.8.3.tgz",
      "integrity": "sha512-MYlEfn5VrLNsgudQTVJeNaQFUAI7DkhnOjdpAp4T+ku1TfQClewlbSuTVHiA+8skNBgaf02TL/kLOvig4y3G8w==",
      "dev": true
    },
    "ua-parser-js": {
      "version": "0.7.24",
      "resolved": "https://registry.npmjs.org/ua-parser-js/-/ua-parser-js-0.7.24.tgz",
      "integrity": "sha512-yo+miGzQx5gakzVK3QFfN0/L9uVhosXBBO7qmnk7c2iw1IhL212wfA3zbnI54B0obGwC/5NWub/iT9sReMx+Fw=="
    }
  }
}
